
Microsoft Visual Studio Solution File, Format Version 12.00
# Visual Studio Version 16
VisualStudioVersion = 16.0.33927.289
MinimumVisualStudioVersion = 10.0.40219.1
Project("{2150E333-8FDC-42A3-9474-1A3956D46DE8}") = "Task0", "Task0", "{60AEB242-801D-4CB6-8B7E-61A6F45ED992}"
EndProject
Project("{FAE04EC0-301F-11D3-BF4B-00C04F79EFBC}") = "Tyuiu.IvashkinaKE.Sprint2.Task0.V3", "Tyuiu.IvashkinaKE.Sprint2.Task0.V3\Tyuiu.IvashkinaKE.Sprint2.Task0.V3.csproj", "{C2C7D4E3-CCBC-4F69-9349-326B81936384}"
EndProject
Project("{FAE04EC0-301F-11D3-BF4B-00C04F79EFBC}") = "Tyuiu.IvashkinaKE.Sprint2.Task0.V3.Lib", "Tyuiu.IvashkinaKE.Sprint2.Task0.V3.Lib\Tyuiu.IvashkinaKE.Sprint2.Task0.V3.Lib.csproj", "{2AD6201E-7C5C-4001-B5F1-3E4FD2BBF44E}"
EndProject
Project("{FAE04EC0-301F-11D3-BF4B-00C04F79EFBC}") = "Tyuiu.IvashkinaKE.Sprint2.Task0.V3.Test", "Tyuiu.IvashkinaKE.Sprint2.Task0.V3.Test\Tyuiu.IvashkinaKE.Sprint2.Task0.V3.Test.csproj", "{49A5A332-5408-40BC-9C19-520F3F5C7794}"
EndProject
Project("{2150E333-8FDC-42A3-9474-1A3956D46DE8}") = "Task1", "Task1", "{D180C6F6-52FB-475B-A902-681EF2567EC1}"
EndProject
Project("{FAE04EC0-301F-11D3-BF4B-00C04F79EFBC}") = "Tyuiu.IvashkinaKE.Sprint2.Task1.V3", "Tyuiu.IvashkinaKE.Sprint2.Task1.V3\Tyuiu.IvashkinaKE.Sprint2.Task1.V3.csproj", "{5EC3FC36-9D87-44D8-BFF5-29DE7F562D27}"
EndProject
Project("{FAE04EC0-301F-11D3-BF4B-00C04F79EFBC}") = "Tyuiu.IvashkinaKE.Sprint2.Task1.V3.Lib", "Tyuiu.IvashkinaKE.Sprint2.Task1.V3.Lib\Tyuiu.IvashkinaKE.Sprint2.Task1.V3.Lib.csproj", "{BAB9399C-1BC7-4A58-8C9B-76526EC180A3}"
EndProject
Project("{FAE04EC0-301F-11D3-BF4B-00C04F79EFBC}") = "Tyuiu.IvashkinaKE.Sprint2.Task1.V3.Test", "Tyuiu.IvashkinaKE.Sprint2.Task1.V3.Test\Tyuiu.IvashkinaKE.Sprint2.Task1.V3.Test.csproj", "{4607B6C5-FB58-42F1-9876-B9BA79ADE0C2}"
EndProject
Project("{2150E333-8FDC-42A3-9474-1A3956D46DE8}") = "Task2", "Task2", "{CBC61746-9123-454B-B053-723B2276D6C5}"
EndProject
Project("{FAE04EC0-301F-11D3-BF4B-00C04F79EFBC}") = "Tyuiu.IvashkinaKE.Sprint2.Task2.V22", "Tyuiu.IvashkinaKE.Sprint2.Task2.V22\Tyuiu.IvashkinaKE.Sprint2.Task2.V22.csproj", "{729A03B8-B0F3-4BB0-BA5B-C8C86A039410}"
EndProject
Project("{FAE04EC0-301F-11D3-BF4B-00C04F79EFBC}") = "Tyuiu.IvashkinaKE.Sprint2.Task2.V22.Lib", "Tyuiu.IvashkinaKE.Sprint2.Task2.V22.Lib\Tyuiu.IvashkinaKE.Sprint2.Task2.V22.Lib.csproj", "{317778FB-C376-436C-BF58-039FD0BA77BA}"
EndProject
Project("{FAE04EC0-301F-11D3-BF4B-00C04F79EFBC}") = "Tyuiu.IvashkinaKE.Sprint2.Task2.V22.Test", "Tyuiu.IvashkinaKE.Sprint2.Task2.V22.Test\Tyuiu.IvashkinaKE.Sprint2.Task2.V22.Test.csproj", "{E4B0C77F-04C9-48D7-9442-F16A3616E908}"
EndProject
Project("{2150E333-8FDC-42A3-9474-1A3956D46DE8}") = "Task3", "Task3", "{D8A1B764-5919-4B08-BE50-78811629013C}"
EndProject
Project("{FAE04EC0-301F-11D3-BF4B-00C04F79EFBC}") = "Tyuiu.IvashkinaKE.Sprint2.Task3.V6", "Tyuiu.IvashkinaKE.Sprint2.Task3.V6\Tyuiu.IvashkinaKE.Sprint2.Task3.V6.csproj", "{9026FB15-0AA7-48C2-9A31-9B8C81D3FA0F}"
EndProject
Project("{FAE04EC0-301F-11D3-BF4B-00C04F79EFBC}") = "Tyuiu.IvashkinaKE.Sprint2.Task3.V6.Lib", "Tyuiu.IvashkinaKE.Sprint2.Task3.V6.Lib\Tyuiu.IvashkinaKE.Sprint2.Task3.V6.Lib.csproj", "{6B82601B-099A-4234-AEE6-3D29050F3979}"
EndProject
Project("{FAE04EC0-301F-11D3-BF4B-00C04F79EFBC}") = "Tyuiu.IvashkinaKE.Sprint2.Task3.V6.Test", "Tyuiu.IvashkinaKE.Sprint2.Task3.V6.Test\Tyuiu.IvashkinaKE.Sprint2.Task3.V6.Test.csproj", "{A5478E91-0A58-473C-998F-25822F40B122}"
EndProject
Project("{2150E333-8FDC-42A3-9474-1A3956D46DE8}") = "Task4", "Task4", "{EF14CEA6-4847-4BED-9035-DEC30230EF63}"
EndProject
Project("{FAE04EC0-301F-11D3-BF4B-00C04F79EFBC}") = "Tyuiu.IvashkinaKE.Sprint2.Task4.V11", "Tyuiu.IvashkinaKE.Sprint2.Task4.V11\Tyuiu.IvashkinaKE.Sprint2.Task4.V11.csproj", "{BF4A4946-BBA2-4FD0-B751-931CD60F69E8}"
EndProject
Project("{FAE04EC0-301F-11D3-BF4B-00C04F79EFBC}") = "Tyuiu.IvashkinaKE.Sprint2.Task4.V11.Lib", "Tyuiu.IvashkinaKE.Sprint2.Task4.V11.Lib\Tyuiu.IvashkinaKE.Sprint2.Task4.V11.Lib.csproj", "{C96E2045-566A-4BB6-93C9-A09F0F339E60}"
EndProject
Project("{FAE04EC0-301F-11D3-BF4B-00C04F79EFBC}") = "Tyuiu.IvashkinaKE.Sprint2.Task4.V11.Test", "Tyuiu.IvashkinaKE.Sprint2.Task4.V11.Test\Tyuiu.IvashkinaKE.Sprint2.Task4.V11.Test.csproj", "{89C2F40C-E820-448A-A6BB-E4E0F42B78E2}"
EndProject
Project("{2150E333-8FDC-42A3-9474-1A3956D46DE8}") = "Task5", "Task5", "{46312BC4-6911-4623-8693-95B088E7B1A0}"
EndProject
Project("{FAE04EC0-301F-11D3-BF4B-00C04F79EFBC}") = "Tyuiu.IvashkinaKE.Sprint2.Task5.V1", "Tyuiu.IvashkinaKE.Sprint2.Task5.V1\Tyuiu.IvashkinaKE.Sprint2.Task5.V1.csproj", "{79C27B27-38CD-4A9F-AC5D-0260F549F056}"
EndProject
Project("{FAE04EC0-301F-11D3-BF4B-00C04F79EFBC}") = "Tyuiu.IvashkinaKE.Sprint2.Task5.V1.Lib", "Tyuiu.IvashkinaKE.Sprint2.Task5.V1.Lib\Tyuiu.IvashkinaKE.Sprint2.Task5.V1.Lib.csproj", "{C02CA3FD-3E63-4E34-91F2-8ACFD3FEAC28}"
EndProject
Project("{FAE04EC0-301F-11D3-BF4B-00C04F79EFBC}") = "Tyuiu.IvashkinaKE.Sprint2.Task5.V1.Test", "Tyuiu.IvashkinaKE.Sprint2.Task5.V1.Test\Tyuiu.IvashkinaKE.Sprint2.Task5.V1.Test.csproj", "{4A58E3C6-B426-476B-B0B5-B0E75651E408}"
EndProject
Project("{2150E333-8FDC-42A3-9474-1A3956D46DE8}") = "Task6", "Task6", "{43A36B4C-68C6-471C-9122-BC79D2DC1C9E}"
EndProject
Project("{FAE04EC0-301F-11D3-BF4B-00C04F79EFBC}") = "Tyuiu.IvashkinaKE.Sprint2.Task6.V6", "Tyuiu.IvashkinaKE.Sprint2.Task6.V6\Tyuiu.IvashkinaKE.Sprint2.Task6.V6.csproj", "{01A3EBF3-CA16-4E1A-BDD7-E746A2315AB1}"
EndProject
Project("{FAE04EC0-301F-11D3-BF4B-00C04F79EFBC}") = "Tyuiu.IvashkinaKE.Sprint2.Task6.V6.Lib", "Tyuiu.IvashkinaKE.Sprint2.Task6.V6.Lib\Tyuiu.IvashkinaKE.Sprint2.Task6.V6.Lib.csproj", "{BCE57F1A-B644-4CCA-BA74-C025D1062AF7}"
EndProject
Project("{FAE04EC0-301F-11D3-BF4B-00C04F79EFBC}") = "Tyuiu.IvashkinaKE.Sprint2.Task6.V6.Test", "Tyuiu.IvashkinaKE.Sprint2.Task6.V6.Test\Tyuiu.IvashkinaKE.Sprint2.Task6.V6.Test.csproj", "{1F41CF3B-CF34-4292-B1EC-07C92B28FA79}"
EndProject
Global
	GlobalSection(SolutionConfigurationPlatforms) = preSolution
		Debug|Any CPU = Debug|Any CPU
		Release|Any CPU = Release|Any CPU
	EndGlobalSection
	GlobalSection(ProjectConfigurationPlatforms) = postSolution
		{C2C7D4E3-CCBC-4F69-9349-326B81936384}.Debug|Any CPU.ActiveCfg = Debug|Any CPU
		{C2C7D4E3-CCBC-4F69-9349-326B81936384}.Debug|Any CPU.Build.0 = Debug|Any CPU
		{C2C7D4E3-CCBC-4F69-9349-326B81936384}.Release|Any CPU.ActiveCfg = Release|Any CPU
		{C2C7D4E3-CCBC-4F69-9349-326B81936384}.Release|Any CPU.Build.0 = Release|Any CPU
		{2AD6201E-7C5C-4001-B5F1-3E4FD2BBF44E}.Debug|Any CPU.ActiveCfg = Debug|Any CPU
		{2AD6201E-7C5C-4001-B5F1-3E4FD2BBF44E}.Debug|Any CPU.Build.0 = Debug|Any CPU
		{2AD6201E-7C5C-4001-B5F1-3E4FD2BBF44E}.Release|Any CPU.ActiveCfg = Release|Any CPU
		{2AD6201E-7C5C-4001-B5F1-3E4FD2BBF44E}.Release|Any CPU.Build.0 = Release|Any CPU
		{49A5A332-5408-40BC-9C19-520F3F5C7794}.Debug|Any CPU.ActiveCfg = Debug|Any CPU
		{49A5A332-5408-40BC-9C19-520F3F5C7794}.Debug|Any CPU.Build.0 = Debug|Any CPU
		{49A5A332-5408-40BC-9C19-520F3F5C7794}.Release|Any CPU.ActiveCfg = Release|Any CPU
		{49A5A332-5408-40BC-9C19-520F3F5C7794}.Release|Any CPU.Build.0 = Release|Any CPU
		{5EC3FC36-9D87-44D8-BFF5-29DE7F562D27}.Debug|Any CPU.ActiveCfg = Debug|Any CPU
		{5EC3FC36-9D87-44D8-BFF5-29DE7F562D27}.Debug|Any CPU.Build.0 = Debug|Any CPU
		{5EC3FC36-9D87-44D8-BFF5-29DE7F562D27}.Release|Any CPU.ActiveCfg = Release|Any CPU
		{5EC3FC36-9D87-44D8-BFF5-29DE7F562D27}.Release|Any CPU.Build.0 = Release|Any CPU
		{BAB9399C-1BC7-4A58-8C9B-76526EC180A3}.Debug|Any CPU.ActiveCfg = Debug|Any CPU
		{BAB9399C-1BC7-4A58-8C9B-76526EC180A3}.Debug|Any CPU.Build.0 = Debug|Any CPU
		{BAB9399C-1BC7-4A58-8C9B-76526EC180A3}.Release|Any CPU.ActiveCfg = Release|Any CPU
		{BAB9399C-1BC7-4A58-8C9B-76526EC180A3}.Release|Any CPU.Build.0 = Release|Any CPU
		{4607B6C5-FB58-42F1-9876-B9BA79ADE0C2}.Debug|Any CPU.ActiveCfg = Debug|Any CPU
		{4607B6C5-FB58-42F1-9876-B9BA79ADE0C2}.Debug|Any CPU.Build.0 = Debug|Any CPU
		{4607B6C5-FB58-42F1-9876-B9BA79ADE0C2}.Release|Any CPU.ActiveCfg = Release|Any CPU
		{4607B6C5-FB58-42F1-9876-B9BA79ADE0C2}.Release|Any CPU.Build.0 = Release|Any CPU
		{729A03B8-B0F3-4BB0-BA5B-C8C86A039410}.Debug|Any CPU.ActiveCfg = Debug|Any CPU
		{729A03B8-B0F3-4BB0-BA5B-C8C86A039410}.Debug|Any CPU.Build.0 = Debug|Any CPU
		{729A03B8-B0F3-4BB0-BA5B-C8C86A039410}.Release|Any CPU.ActiveCfg = Release|Any CPU
		{729A03B8-B0F3-4BB0-BA5B-C8C86A039410}.Release|Any CPU.Build.0 = Release|Any CPU
		{317778FB-C376-436C-BF58-039FD0BA77BA}.Debug|Any CPU.ActiveCfg = Debug|Any CPU
		{317778FB-C376-436C-BF58-039FD0BA77BA}.Debug|Any CPU.Build.0 = Debug|Any CPU
		{317778FB-C376-436C-BF58-039FD0BA77BA}.Release|Any CPU.ActiveCfg = Release|Any CPU
		{317778FB-C376-436C-BF58-039FD0BA77BA}.Release|Any CPU.Build.0 = Release|Any CPU
		{E4B0C77F-04C9-48D7-9442-F16A3616E908}.Debug|Any CPU.ActiveCfg = Debug|Any CPU
		{E4B0C77F-04C9-48D7-9442-F16A3616E908}.Debug|Any CPU.Build.0 = Debug|Any CPU
		{E4B0C77F-04C9-48D7-9442-F16A3616E908}.Release|Any CPU.ActiveCfg = Release|Any CPU
		{E4B0C77F-04C9-48D7-9442-F16A3616E908}.Release|Any CPU.Build.0 = Release|Any CPU
		{9026FB15-0AA7-48C2-9A31-9B8C81D3FA0F}.Debug|Any CPU.ActiveCfg = Debug|Any CPU
		{9026FB15-0AA7-48C2-9A31-9B8C81D3FA0F}.Debug|Any CPU.Build.0 = Debug|Any CPU
		{9026FB15-0AA7-48C2-9A31-9B8C81D3FA0F}.Release|Any CPU.ActiveCfg = Release|Any CPU
		{9026FB15-0AA7-48C2-9A31-9B8C81D3FA0F}.Release|Any CPU.Build.0 = Release|Any CPU
		{6B82601B-099A-4234-AEE6-3D29050F3979}.Debug|Any CPU.ActiveCfg = Debug|Any CPU
		{6B82601B-099A-4234-AEE6-3D29050F3979}.Debug|Any CPU.Build.0 = Debug|Any CPU
		{6B82601B-099A-4234-AEE6-3D29050F3979}.Release|Any CPU.ActiveCfg = Release|Any CPU
		{6B82601B-099A-4234-AEE6-3D29050F3979}.Release|Any CPU.Build.0 = Release|Any CPU
		{A5478E91-0A58-473C-998F-25822F40B122}.Debug|Any CPU.ActiveCfg = Debug|Any CPU
		{A5478E91-0A58-473C-998F-25822F40B122}.Debug|Any CPU.Build.0 = Debug|Any CPU
		{A5478E91-0A58-473C-998F-25822F40B122}.Release|Any CPU.ActiveCfg = Release|Any CPU
		{A5478E91-0A58-473C-998F-25822F40B122}.Release|Any CPU.Build.0 = Release|Any CPU
		{BF4A4946-BBA2-4FD0-B751-931CD60F69E8}.Debug|Any CPU.ActiveCfg = Debug|Any CPU
		{BF4A4946-BBA2-4FD0-B751-931CD60F69E8}.Debug|Any CPU.Build.0 = Debug|Any CPU
		{BF4A4946-BBA2-4FD0-B751-931CD60F69E8}.Release|Any CPU.ActiveCfg = Release|Any CPU
		{BF4A4946-BBA2-4FD0-B751-931CD60F69E8}.Release|Any CPU.Build.0 = Release|Any CPU
		{C96E2045-566A-4BB6-93C9-A09F0F339E60}.Debug|Any CPU.ActiveCfg = Debug|Any CPU
		{C96E2045-566A-4BB6-93C9-A09F0F339E60}.Debug|Any CPU.Build.0 = Debug|Any CPU
		{C96E2045-566A-4BB6-93C9-A09F0F339E60}.Release|Any CPU.ActiveCfg = Release|Any CPU
		{C96E2045-566A-4BB6-93C9-A09F0F339E60}.Release|Any CPU.Build.0 = Release|Any CPU
		{89C2F40C-E820-448A-A6BB-E4E0F42B78E2}.Debug|Any CPU.ActiveCfg = Debug|Any CPU
		{89C2F40C-E820-448A-A6BB-E4E0F42B78E2}.Debug|Any CPU.Build.0 = Debug|Any CPU
		{89C2F40C-E820-448A-A6BB-E4E0F42B78E2}.Release|Any CPU.ActiveCfg = Release|Any CPU
		{89C2F40C-E820-448A-A6BB-E4E0F42B78E2}.Release|Any CPU.Build.0 = Release|Any CPU
		{79C27B27-38CD-4A9F-AC5D-0260F549F056}.Debug|Any CPU.ActiveCfg = Debug|Any CPU
		{79C27B27-38CD-4A9F-AC5D-0260F549F056}.Debug|Any CPU.Build.0 = Debug|Any CPU
		{79C27B27-38CD-4A9F-AC5D-0260F549F056}.Release|Any CPU.ActiveCfg = Release|Any CPU
		{79C27B27-38CD-4A9F-AC5D-0260F549F056}.Release|Any CPU.Build.0 = Release|Any CPU
		{C02CA3FD-3E63-4E34-91F2-8ACFD3FEAC28}.Debug|Any CPU.ActiveCfg = Debug|Any CPU
		{C02CA3FD-3E63-4E34-91F2-8ACFD3FEAC28}.Debug|Any CPU.Build.0 = Debug|Any CPU
		{C02CA3FD-3E63-4E34-91F2-8ACFD3FEAC28}.Release|Any CPU.ActiveCfg = Release|Any CPU
		{C02CA3FD-3E63-4E34-91F2-8ACFD3FEAC28}.Release|Any CPU.Build.0 = Release|Any CPU
		{4A58E3C6-B426-476B-B0B5-B0E75651E408}.Debug|Any CPU.ActiveCfg = Debug|Any CPU
		{4A58E3C6-B426-476B-B0B5-B0E75651E408}.Debug|Any CPU.Build.0 = Debug|Any CPU
		{4A58E3C6-B426-476B-B0B5-B0E75651E408}.Release|Any CPU.ActiveCfg = Release|Any CPU
		{4A58E3C6-B426-476B-B0B5-B0E75651E408}.Release|Any CPU.Build.0 = Release|Any CPU
		{01A3EBF3-CA16-4E1A-BDD7-E746A2315AB1}.Debug|Any CPU.ActiveCfg = Debug|Any CPU
		{01A3EBF3-CA16-4E1A-BDD7-E746A2315AB1}.Debug|Any CPU.Build.0 = Debug|Any CPU
		{01A3EBF3-CA16-4E1A-BDD7-E746A2315AB1}.Release|Any CPU.ActiveCfg = Release|Any CPU
		{01A3EBF3-CA16-4E1A-BDD7-E746A2315AB1}.Release|Any CPU.Build.0 = Release|Any CPU
		{BCE57F1A-B644-4CCA-BA74-C025D1062AF7}.Debug|Any CPU.ActiveCfg = Debug|Any CPU
		{BCE57F1A-B644-4CCA-BA74-C025D1062AF7}.Debug|Any CPU.Build.0 = Debug|Any CPU
		{BCE57F1A-B644-4CCA-BA74-C025D1062AF7}.Release|Any CPU.ActiveCfg = Release|Any CPU
		{BCE57F1A-B644-4CCA-BA74-C025D1062AF7}.Release|Any CPU.Build.0 = Release|Any CPU
		{1F41CF3B-CF34-4292-B1EC-07C92B28FA79}.Debug|Any CPU.ActiveCfg = Debug|Any CPU
		{1F41CF3B-CF34-4292-B1EC-07C92B28FA79}.Debug|Any CPU.Build.0 = Debug|Any CPU
		{1F41CF3B-CF34-4292-B1EC-07C92B28FA79}.Release|Any CPU.ActiveCfg = Release|Any CPU
		{1F41CF3B-CF34-4292-B1EC-07C92B28FA79}.Release|Any CPU.Build.0 = Release|Any CPU
	EndGlobalSection
	GlobalSection(SolutionProperties) = preSolution
		HideSolutionNode = FALSE
	EndGlobalSection
	GlobalSection(NestedProjects) = preSolution
		{C2C7D4E3-CCBC-4F69-9349-326B81936384} = {60AEB242-801D-4CB6-8B7E-61A6F45ED992}
		{2AD6201E-7C5C-4001-B5F1-3E4FD2BBF44E} = {60AEB242-801D-4CB6-8B7E-61A6F45ED992}
		{49A5A332-5408-40BC-9C19-520F3F5C7794} = {60AEB242-801D-4CB6-8B7E-61A6F45ED992}
		{5EC3FC36-9D87-44D8-BFF5-29DE7F562D27} = {D180C6F6-52FB-475B-A902-681EF2567EC1}
		{BAB9399C-1BC7-4A58-8C9B-76526EC180A3} = {D180C6F6-52FB-475B-A902-681EF2567EC1}
		{4607B6C5-FB58-42F1-9876-B9BA79ADE0C2} = {D180C6F6-52FB-475B-A902-681EF2567EC1}
		{729A03B8-B0F3-4BB0-BA5B-C8C86A039410} = {CBC61746-9123-454B-B053-723B2276D6C5}
		{317778FB-C376-436C-BF58-039FD0BA77BA} = {CBC61746-9123-454B-B053-723B2276D6C5}
		{E4B0C77F-04C9-48D7-9442-F16A3616E908} = {CBC61746-9123-454B-B053-723B2276D6C5}
		{9026FB15-0AA7-48C2-9A31-9B8C81D3FA0F} = {D8A1B764-5919-4B08-BE50-78811629013C}
		{6B82601B-099A-4234-AEE6-3D29050F3979} = {D8A1B764-5919-4B08-BE50-78811629013C}
		{A5478E91-0A58-473C-998F-25822F40B122} = {D8A1B764-5919-4B08-BE50-78811629013C}
		{BF4A4946-BBA2-4FD0-B751-931CD60F69E8} = {EF14CEA6-4847-4BED-9035-DEC30230EF63}
		{C96E2045-566A-4BB6-93C9-A09F0F339E60} = {EF14CEA6-4847-4BED-9035-DEC30230EF63}
		{89C2F40C-E820-448A-A6BB-E4E0F42B78E2} = {EF14CEA6-4847-4BED-9035-DEC30230EF63}
		{79C27B27-38CD-4A9F-AC5D-0260F549F056} = {46312BC4-6911-4623-8693-95B088E7B1A0}
		{C02CA3FD-3E63-4E34-91F2-8ACFD3FEAC28} = {46312BC4-6911-4623-8693-95B088E7B1A0}
		{4A58E3C6-B426-476B-B0B5-B0E75651E408} = {46312BC4-6911-4623-8693-95B088E7B1A0}
		{01A3EBF3-CA16-4E1A-BDD7-E746A2315AB1} = {43A36B4C-68C6-471C-9122-BC79D2DC1C9E}
		{BCE57F1A-B644-4CCA-BA74-C025D1062AF7} = {43A36B4C-68C6-471C-9122-BC79D2DC1C9E}
		{1F41CF3B-CF34-4292-B1EC-07C92B28FA79} = {43A36B4C-68C6-471C-9122-BC79D2DC1C9E}
	EndGlobalSection
	GlobalSection(ExtensibilityGlobals) = postSolution
		SolutionGuid = {42EB18F0-C590-4E5C-8450-BAC59B2F89D5}
	EndGlobalSection
EndGlobal
